<Solution>
  <Folder Name="/Solution Items/">
    <File Path=".editorconfig" />
    <File Path="Directory.Build.props" />
    <File Path="Directory.Packages.props" />
  </Folder>
  <Folder Name="/src/">
    <Project Path="src/Application/Application.csproj" />
    <Project Path="src/Domain/Domain.csproj" />
    <Project Path="src/Infrastructure/Infrastructure.csproj" />
    <Project Path="src/SharedKernel/SharedKernel.csproj" />
    <Project Path="src/Web.Api/Web.Api.csproj" />
  </Folder>
  <Folder Name="/tests/">
<Project Path="../Application.Tests/Application.Tests.csproj" Id="abec5111-8a08-4323-9291-8066ef3eb9eb">
  <Build Solution="Debug|*" Project="false" />
</Project>

<Project Path="../IntegrationTests/IntegrationTests.csproj" Id="d268ec2d-4679-45bf-a2a1-3c0e8d7f226c">
  <Build Solution="Debug|*" Project="false" />
</Project>
    <Project Path="tests/ArchitectureTests/ArchitectureTests.csproj" />
  </Folder>
  <Project Path="docker-compose.dcproj">
    <Build />
  </Project>
</Solution>
